github.com/AdaLogics/go-fuzz-headers v0.0.0-20240806141605-e8a1dd7889d6 h1:7thz4xU3uQd28c5i0uK4kD3p3pr5XWPRySkQNlM0M5M=
github.com/AdaLogics/go-fuzz-headers v0.0.0-20240806141605-e8a1dd7889d6/go.mod h1:1H2Q8OJfe/8KKuKljVWN5oFKnzaR3vQ5rtd23GYiR8Q=
github.com/AdamKorcz/go-118-fuzz-build v0.0.0-20240914100643-eb91380d8434 h1:5z3Z+6vnx4iYkA2H2qK0Tdts0h4gGKNbZc4b1bJ87Kc=
github.com/AdamKorcz/go-118-fuzz-build v0.0.0-20240914100643-eb91380d8434/go.mod h1:1b6eTI3Umx3zj3N1V4zkd2H5t3sWCeOugBlpGqU0qMs=
github.com/Azure/go-ansiterm v0.0.0-20250102033503-faa5f7b0171c h1:b0V0i5L8xDqDs3Z/4IcfuxE4f0N91NcmS1A8Xj5ZTvE=
github.com/Azure/go-ansiterm v0.0.0-20250102033503-faa5f7b0171c/go.mod h1:4f4X0VZwPrE7fY7XArE2i5mK7CY8e4seKa3NCSK3xQI=
github.com/BobuSumisu/aho-corasick v1.0.3 h1:LL7U1b9+1SDHFNGG9GlPFI+v2G9TC2l9kOwM4ZwE1lU=
github.com/BobuSumisu/aho-corasick v1.0.3/go.mod h1:hm4jL8n0vSp3U81VRcsGirH+Cf6fB9mnk1CK8nQdKhw=
github.com/BurntSushi/toml v1.5.0 h1:tkWvO1tSjPkrxE8Dmeh9owf+um3dHbf7e6V3GR8osrI=
github.com/BurntSushi/toml v1.5.0/go.mod h1:2BOzmTOHXEAV6x00Fozr3eVv1gS4tN68fsVFgSwngac=
github.com/Checkmarx/containers-resolver v1.0.11 h1:3x3Y3x3Y3x3Y3x3Y3x3Y3x3Y3x3Y3x3Y3x3Y3x3Y3x=
github.com/Checkmarx/containers-resolver v1.0.11/go.mod h1:exampleHash1234567890abcdef==
github.com/Checkmarx/gen-ai-prompts v0.0.0-20240807143411-708ceec12b63 h1:exampleHash==
github.com/Checkmarx/gen-ai-prompts v0.0.0-20240807143411-708ceec12b63/go.mod h1:exampleHash==
github.com/go-redis/redis v6.15.8+incompatible h1:3b1P7dsTcsVvZ1W/2nN5n6R4gS+yocQiH7hYQbD60qE=
github.com/go-redis/redis v6.15.8+incompatible/go.mod h1:6ge6nS6n3zyqDemN83OpW2kYUF3Iql5l3KPUaf3fUrs=
github.com/miekg/dns v1.1.26 h1:5g4J6I9I7R+WiRzY60yP2cW+N8M8q6zq+UgH+O4q1ug=
github.com/miekg/dns v1.1.26/go.mod h1:bPDLeHnStXmXAq1m/Ch/hvfNHr14JKNPMBo3VZKjuso=
github.com/tidwall/gjson v1.6.0 h1:6k1+6BOA8P4SUXVvVJp3diB6jC0vY6ABkUBrJHLwdK4=
github.com/tidwall/gjson v1.6.0/go.mod h1:P256ACg0Mn+jna0N74qXNu7qA0EOb7V3Pq6mm0H8M6M=
github.com/urfave/cli v1.22.2 h1:gsqYFH8bb9ekPA12kRo0WfUtNmZp3qBjFvpPbWwY7zw=
github.com/urfave/cli v1.22.2/go.mod h1:Gos4lmkARVdJ6EkW0WaNv/tZAAMe9V7XWyB60NtXRu0=
golang.org/x/crypto v0.0.0-20200622213623-75b288015ac9 h1:7mWr3kW3rdm0EzSwSwENoQSi3O3fiqkr2IfjC2zxtpw=
golang.org/x/crypto v0.0.0-20200622213623-75b288015ac9/go.mod h1:jdWPYTVW3xRLrWPugEBEK3UY2ZEsg3UU5154or2SMII=
golang.org/x/text v0.24.0 h1:Gr7uS/9YRvHF4v4zQ4HiigvrF+6iGi5TPpA4N3I4lsQ=
golang.org/x/text v0.24.0/go.mod h1:0v4ft2lNHsN7uHKR8F93W1S2dGY6EkuNkrz3OayYAvI=
gopkg.in/yaml.v3 v3.0.1 h1:fxVm/GzAzEWqLHuvctI91KS9hhNmmWOoWu0XTYJS7CA=
gopkg.in/yaml.v3 v3.0.1/go.mod h1:K4uyk7z7BCEPqu6E+C64Yfv1cQ7kz7rIZviUmN+EgEM=